
Microsoft Visual Studio Solution File, Format Version 12.00
# Visual Studio Version 16
VisualStudioVersion = 16.0.32802.440
MinimumVisualStudioVersion = 10.0.40219.1
Project("{FAE04EC0-301F-11D3-BF4B-00C04F79EFBC}") = "Lab-8-QA", "Lab-8-QA\Lab-8-QA.csproj", "{5D2C323D-1C58-4100-A2D5-1605A3706A1E}"
EndProject
Project("{FAE04EC0-301F-11D3-BF4B-00C04F79EFBC}") = "Lab-8-QA.Tests", "Lab-8-QA.Tests\Lab-8-QA.Tests.csproj", "{A6C0D33A-E448-46DB-B7DE-F22AA3148147}"
EndProject
Global
	GlobalSection(SolutionConfigurationPlatforms) = preSolution
		Debug|Any CPU = Debug|Any CPU
		Release|Any CPU = Release|Any CPU
	EndGlobalSection
	GlobalSection(ProjectConfigurationPlatforms) = postSolution
		{5D2C323D-1C58-4100-A2D5-1605A3706A1E}.Debug|Any CPU.ActiveCfg = Debug|Any CPU
		{5D2C323D-1C58-4100-A2D5-1605A3706A1E}.Debug|Any CPU.Build.0 = Debug|Any CPU
		{5D2C323D-1C58-4100-A2D5-1605A3706A1E}.Release|Any CPU.ActiveCfg = Release|Any CPU
		{5D2C323D-1C58-4100-A2D5-1605A3706A1E}.Release|Any CPU.Build.0 = Release|Any CPU
		{A6C0D33A-E448-46DB-B7DE-F22AA3148147}.Debug|Any CPU.ActiveCfg = Debug|Any CPU
		{A6C0D33A-E448-46DB-B7DE-F22AA3148147}.Debug|Any CPU.Build.0 = Debug|Any CPU
		{A6C0D33A-E448-46DB-B7DE-F22AA3148147}.Release|Any CPU.ActiveCfg = Release|Any CPU
		{A6C0D33A-E448-46DB-B7DE-F22AA3148147}.Release|Any CPU.Build.0 = Release|Any CPU
	EndGlobalSection
	GlobalSection(SolutionProperties) = preSolution
		HideSolutionNode = FALSE
	EndGlobalSection
	GlobalSection(ExtensibilityGlobals) = postSolution
		SolutionGuid = {4CBF1ED2-4E43-4FCB-9D59-5C37EA826DF5}
	EndGlobalSection
EndGlobal
